{
  "name": "kpf-vs-electron",
  "version": "0.0.0",
  "lockfileVersion": 1,
  "requires": true,
  "dependencies": {
    "edge-cs": {
      "version": "1.2.1",
      "resolved": "https://registry.npmjs.org/edge-cs/-/edge-cs-1.2.1.tgz",
      "integrity": "sha1-vRqezblO8O1AyJRYIEZ0nlcEXlo="
    },
    "electron-edge-js": {
      "version": "8.3.8",
      "resolved": "https://registry.npmjs.org/electron-edge-js/-/electron-edge-js-8.3.8.tgz",
      "integrity": "sha512-jtb1y2Dr6I3ni9E4Pa8uv8VVZniSty3NETXjz43uiHFcb+ebiBfiWzWLQ+EDcX43pwye4geWIU6esg8LJLTrLg==",
      "requires": {
        "edge-cs": "1.2.1",
        "nan": "^2.10.0"
      }
    },
    "electron-prebuilt-win": {
      "version": "3.0.2",
      "resolved": "https://registry.npmjs.org/electron-prebuilt-win/-/electron-prebuilt-win-3.0.2.tgz",
      "integrity": "sha512-O6XHI7v53A+x9ZwhzZ1FFYyL8pO3iDBCnSGA+zHwqf4MIewRTgbo3MnSIvf6M90cQ93UB+EG6BUVEM/MVdq8UA=="
    },
    "nan": {
      "version": "2.11.1",
      "resolved": "https://registry.npmjs.org/nan/-/nan-2.11.1.tgz",
      "integrity": "sha512-iji6k87OSXa0CcrLl9z+ZiYSuR2o+c0bGuNmXdrhTQTakxytAFsC56SArGYoiHlJlFoHSnvmhpceZJaXkVuOtA=="
    }
  }
}
